# THIS IS AN AUTOGENERATED FILE. DO NOT EDIT THIS FILE DIRECTLY.
# yarn lockfile v1


"lastfm@https://github.com/jnguyen1098/lastfm-node.git":
  version "0.9.4"
  resolved "https://github.com/jnguyen1098/lastfm-node.git#9d65c9c0ceace5361373426c6d2b5c4e3486275d"
  dependencies:
    lodash "^4.17.21"
    underscore "~1.13.6"

lodash@^4.17.21:
  version "4.17.21"
  resolved "https://registry.yarnpkg.com/lodash/-/lodash-4.17.21.tgz#679591c564c3bffaae8454cf0b3df370c3d6911c"
  integrity sha512-v2kDEe57lecTulaDIuNTPy3Ry4gLGJ6Z1O3vE1krgXZNrsQ+LFTGHVxVjcXPs17LhbZVGedAJv8XZ1tvj5FvSg==

underscore@~1.13.6:
  version "1.13.7"
  resolved "https://registry.yarnpkg.com/underscore/-/underscore-1.13.7.tgz#970e33963af9a7dda228f17ebe8399e5fbe63a10"
  integrity sha512-GMXzWtsc57XAtguZgaQViUOzs0KTkk8ojr3/xAxXLITqf/3EMwxC0inyETfDFjH/Krbhuep0HNbbjI9i/q3F3g==
